// !$*UTF8*$!
{
	archiveVersion = 1;
	classes = {
	};
	objectVersion = 55;
	objects = {

/* Begin PBXBuildFile section */
		463440B72851A9B600BE66EE /* AppDelegate.swift in Sources */ = {isa = PBXBuildFile; fileRef = 463440B62851A9B600BE66EE /* AppDelegate.swift */; };
		463440BB2851A9B800BE66EE /* Assets.xcassets in Resources */ = {isa = PBXBuildFile; fileRef = 463440BA2851A9B800BE66EE /* Assets.xcassets */; };
		463440BE2851A9B800BE66EE /* Main.storyboard in Resources */ = {isa = PBXBuildFile; fileRef = 463440BC2851A9B800BE66EE /* Main.storyboard */; };
		463440CA2851E58A00BE66EE /* DisplayInfoPart.swift in Sources */ = {isa = PBXBuildFile; fileRef = 463440C92851E58A00BE66EE /* DisplayInfoPart.swift */; };
		463440CD2851E72B00BE66EE /* NetworkProvider.swift in Sources */ = {isa = PBXBuildFile; fileRef = 463440CC2851E72B00BE66EE /* NetworkProvider.swift */; };
		463440D12851FB8D00BE66EE /* MealResponseDTO.swift in Sources */ = {isa = PBXBuildFile; fileRef = 463440D02851FB8D00BE66EE /* MealResponseDTO.swift */; };
		463440D42852006600BE66EE /* Meal.swift in Sources */ = {isa = PBXBuildFile; fileRef = 463440D32852006600BE66EE /* Meal.swift */; };
		463440D6285200E400BE66EE /* TodayWhatError.swift in Sources */ = {isa = PBXBuildFile; fileRef = 463440D5285200E400BE66EE /* TodayWhatError.swift */; };
		463440D9285207F600BE66EE /* Consts.swift in Sources */ = {isa = PBXBuildFile; fileRef = 463440D8285207F600BE66EE /* Consts.swift */; };
		463440F52852268600BE66EE /* UserDefaultsLocal.swift in Sources */ = {isa = PBXBuildFile; fileRef = 463440F42852268600BE66EE /* UserDefaultsLocal.swift */; };
		463440F72852274700BE66EE /* SchoolType.swift in Sources */ = {isa = PBXBuildFile; fileRef = 463440F62852274700BE66EE /* SchoolType.swift */; };
		463440FD28522ADC00BE66EE /* Date+Ext.swift in Sources */ = {isa = PBXBuildFile; fileRef = 463440FC28522ADC00BE66EE /* Date+Ext.swift */; };
		463441002852356E00BE66EE /* NSMutableAttributedString+Ext.swift in Sources */ = {isa = PBXBuildFile; fileRef = 463440FF2852356E00BE66EE /* NSMutableAttributedString+Ext.swift */; };
		4634410328524ED400BE66EE /* SwiftyJSON in Frameworks */ = {isa = PBXBuildFile; productRef = 4634410228524ED400BE66EE /* SwiftyJSON */; };
		46344105285482F200BE66EE /* School.swift in Sources */ = {isa = PBXBuildFile; fileRef = 46344104285482F200BE66EE /* School.swift */; };
		46344107285483E000BE66EE /* SchoolListResponseDTO.swift in Sources */ = {isa = PBXBuildFile; fileRef = 46344106285483E000BE66EE /* SchoolListResponseDTO.swift */; };
		4634410D28557F7700BE66EE /* LaunchAtLogin in Frameworks */ = {isa = PBXBuildFile; productRef = 4634410C28557F7700BE66EE /* LaunchAtLogin */; };
		463441102855987600BE66EE /* NumberTextField.swift in Sources */ = {isa = PBXBuildFile; fileRef = 4634410F2855987600BE66EE /* NumberTextField.swift */; };
		463441122855B93700BE66EE /* SchoolKind.swift in Sources */ = {isa = PBXBuildFile; fileRef = 463441112855B93700BE66EE /* SchoolKind.swift */; };
		463441142855CDC100BE66EE /* TimeTable.swift in Sources */ = {isa = PBXBuildFile; fileRef = 463441132855CDC100BE66EE /* TimeTable.swift */; };
		463441162855CE7D00BE66EE /* TimeTableResponseDTO.swift in Sources */ = {isa = PBXBuildFile; fileRef = 463441152855CE7D00BE66EE /* TimeTableResponseDTO.swift */; };
		463441192857643B00BE66EE /* MealType.swift in Sources */ = {isa = PBXBuildFile; fileRef = 463441182857643B00BE66EE /* MealType.swift */; };
		463441222858562700BE66EE /* Then in Frameworks */ = {isa = PBXBuildFile; productRef = 463441212858562700BE66EE /* Then */; };
/* End PBXBuildFile section */

/* Begin PBXFileReference section */
		463440B32851A9B600BE66EE /* TodayWhat.app */ = {isa = PBXFileReference; explicitFileType = wrapper.application; includeInIndex = 0; path = TodayWhat.app; sourceTree = BUILT_PRODUCTS_DIR; };
		463440B62851A9B600BE66EE /* AppDelegate.swift */ = {isa = PBXFileReference; lastKnownFileType = sourcecode.swift; path = AppDelegate.swift; sourceTree = "<group>"; };
		463440BA2851A9B800BE66EE /* Assets.xcassets */ = {isa = PBXFileReference; lastKnownFileType = folder.assetcatalog; path = Assets.xcassets; sourceTree = "<group>"; };
		463440BD2851A9B800BE66EE /* Base */ = {isa = PBXFileReference; lastKnownFileType = file.storyboard; name = Base; path = Base.lproj/Main.storyboard; sourceTree = "<group>"; };
		463440BF2851A9B800BE66EE /* TodayWhat.entitlements */ = {isa = PBXFileReference; lastKnownFileType = text.plist.entitlements; path = TodayWhat.entitlements; sourceTree = "<group>"; };
		463440C92851E58A00BE66EE /* DisplayInfoPart.swift */ = {isa = PBXFileReference; lastKnownFileType = sourcecode.swift; path = DisplayInfoPart.swift; sourceTree = "<group>"; };
		463440CC2851E72B00BE66EE /* NetworkProvider.swift */ = {isa = PBXFileReference; lastKnownFileType = sourcecode.swift; path = NetworkProvider.swift; sourceTree = "<group>"; };
		463440D02851FB8D00BE66EE /* MealResponseDTO.swift */ = {isa = PBXFileReference; lastKnownFileType = sourcecode.swift; path = MealResponseDTO.swift; sourceTree = "<group>"; };
		463440D32852006600BE66EE /* Meal.swift */ = {isa = PBXFileReference; lastKnownFileType = sourcecode.swift; path = Meal.swift; sourceTree = "<group>"; };
		463440D5285200E400BE66EE /* TodayWhatError.swift */ = {isa = PBXFileReference; lastKnownFileType = sourcecode.swift; path = TodayWhatError.swift; sourceTree = "<group>"; };
		463440D8285207F600BE66EE /* Consts.swift */ = {isa = PBXFileReference; lastKnownFileType = sourcecode.swift; path = Consts.swift; sourceTree = "<group>"; };
		463440F42852268600BE66EE /* UserDefaultsLocal.swift */ = {isa = PBXFileReference; lastKnownFileType = sourcecode.swift; path = UserDefaultsLocal.swift; sourceTree = "<group>"; };
		463440F62852274700BE66EE /* SchoolType.swift */ = {isa = PBXFileReference; lastKnownFileType = sourcecode.swift; path = SchoolType.swift; sourceTree = "<group>"; };
		463440F92852282E00BE66EE /* SwiftUI.framework */ = {isa = PBXFileReference; lastKnownFileType = wrapper.framework; name = SwiftUI.framework; path = System/Library/Frameworks/SwiftUI.framework; sourceTree = SDKROOT; };
		463440FC28522ADC00BE66EE /* Date+Ext.swift */ = {isa = PBXFileReference; lastKnownFileType = sourcecode.swift; path = "Date+Ext.swift"; sourceTree = "<group>"; };
		463440FF2852356E00BE66EE /* NSMutableAttributedString+Ext.swift */ = {isa = PBXFileReference; lastKnownFileType = sourcecode.swift; path = "NSMutableAttributedString+Ext.swift"; sourceTree = "<group>"; };
		46344104285482F200BE66EE /* School.swift */ = {isa = PBXFileReference; lastKnownFileType = sourcecode.swift; path = School.swift; sourceTree = "<group>"; };
		46344106285483E000BE66EE /* SchoolListResponseDTO.swift */ = {isa = PBXFileReference; lastKnownFileType = sourcecode.swift; path = SchoolListResponseDTO.swift; sourceTree = "<group>"; };
		4634410F2855987600BE66EE /* NumberTextField.swift */ = {isa = PBXFileReference; lastKnownFileType = sourcecode.swift; path = NumberTextField.swift; sourceTree = "<group>"; };
		463441112855B93700BE66EE /* SchoolKind.swift */ = {isa = PBXFileReference; lastKnownFileType = sourcecode.swift; path = SchoolKind.swift; sourceTree = "<group>"; };
		463441132855CDC100BE66EE /* TimeTable.swift */ = {isa = PBXFileReference; lastKnownFileType = sourcecode.swift; path = TimeTable.swift; sourceTree = "<group>"; };
		463441152855CE7D00BE66EE /* TimeTableResponseDTO.swift */ = {isa = PBXFileReference; lastKnownFileType = sourcecode.swift; path = TimeTableResponseDTO.swift; sourceTree = "<group>"; };
		463441172856325200BE66EE /* Info.plist */ = {isa = PBXFileReference; lastKnownFileType = text.plist; path = Info.plist; sourceTree = "<group>"; };
		463441182857643B00BE66EE /* MealType.swift */ = {isa = PBXFileReference; lastKnownFileType = sourcecode.swift; path = MealType.swift; sourceTree = "<group>"; };
/* End PBXFileReference section */

/* Begin PBXFrameworksBuildPhase section */
		463440B02851A9B600BE66EE /* Frameworks */ = {
			isa = PBXFrameworksBuildPhase;
			buildActionMask = 2147483647;
			files = (
				4634410328524ED400BE66EE /* SwiftyJSON in Frameworks */,
				463441222858562700BE66EE /* Then in Frameworks */,
				4634410D28557F7700BE66EE /* LaunchAtLogin in Frameworks */,
			);
			runOnlyForDeploymentPostprocessing = 0;
		};
/* End PBXFrameworksBuildPhase section */

/* Begin PBXGroup section */
		463440AA2851A9B600BE66EE = {
			isa = PBXGroup;
			children = (
				463440B52851A9B600BE66EE /* TodayWhat */,
				463440B42851A9B600BE66EE /* Products */,
				463440F82852282E00BE66EE /* Frameworks */,
			);
			sourceTree = "<group>";
		};
		463440B42851A9B600BE66EE /* Products */ = {
			isa = PBXGroup;
			children = (
				463440B32851A9B600BE66EE /* TodayWhat.app */,
			);
			name = Products;
			sourceTree = "<group>";
		};
		463440B52851A9B600BE66EE /* TodayWhat */ = {
			isa = PBXGroup;
			children = (
				463441172856325200BE66EE /* Info.plist */,
				4634410E2855986B00BE66EE /* View */,
				463440E7285216EF00BE66EE /* Utils */,
				463440E4285216D700BE66EE /* DataSource */,
				463440D7285207B800BE66EE /* Consts */,
				463440D22852006300BE66EE /* Entity */,
				463440CF2851FB7F00BE66EE /* DataMapping */,
				463440CB2851E6D200BE66EE /* Network */,
				463440C82851E54900BE66EE /* Enums */,
				463440B62851A9B600BE66EE /* AppDelegate.swift */,
				463440BA2851A9B800BE66EE /* Assets.xcassets */,
				463440BC2851A9B800BE66EE /* Main.storyboard */,
				463440BF2851A9B800BE66EE /* TodayWhat.entitlements */,
			);
			path = TodayWhat;
			sourceTree = "<group>";
		};
		463440C82851E54900BE66EE /* Enums */ = {
			isa = PBXGroup;
			children = (
				463440F32852218100BE66EE /* Error */,
				463440C92851E58A00BE66EE /* DisplayInfoPart.swift */,
				463440F62852274700BE66EE /* SchoolType.swift */,
				463441112855B93700BE66EE /* SchoolKind.swift */,
				463441182857643B00BE66EE /* MealType.swift */,
			);
			path = Enums;
			sourceTree = "<group>";
		};
		463440CB2851E6D200BE66EE /* Network */ = {
			isa = PBXGroup;
			children = (
				463440CC2851E72B00BE66EE /* NetworkProvider.swift */,
			);
			path = Network;
			sourceTree = "<group>";
		};
		463440CF2851FB7F00BE66EE /* DataMapping */ = {
			isa = PBXGroup;
			children = (
				463440D02851FB8D00BE66EE /* MealResponseDTO.swift */,
				46344106285483E000BE66EE /* SchoolListResponseDTO.swift */,
				463441152855CE7D00BE66EE /* TimeTableResponseDTO.swift */,
			);
			path = DataMapping;
			sourceTree = "<group>";
		};
		463440D22852006300BE66EE /* Entity */ = {
			isa = PBXGroup;
			children = (
				463440D32852006600BE66EE /* Meal.swift */,
				46344104285482F200BE66EE /* School.swift */,
				463441132855CDC100BE66EE /* TimeTable.swift */,
			);
			path = Entity;
			sourceTree = "<group>";
		};
		463440D7285207B800BE66EE /* Consts */ = {
			isa = PBXGroup;
			children = (
				463440D8285207F600BE66EE /* Consts.swift */,
			);
			path = Consts;
			sourceTree = "<group>";
		};
		463440E4285216D700BE66EE /* DataSource */ = {
			isa = PBXGroup;
			children = (
				463440F42852268600BE66EE /* UserDefaultsLocal.swift */,
			);
			path = DataSource;
			sourceTree = "<group>";
		};
		463440E7285216EF00BE66EE /* Utils */ = {
			isa = PBXGroup;
			children = (
				463440E8285216F200BE66EE /* Extension */,
			);
			path = Utils;
			sourceTree = "<group>";
		};
		463440E8285216F200BE66EE /* Extension */ = {
			isa = PBXGroup;
			children = (
				463440FE2852355E00BE66EE /* UIkit */,
				463440FB28522AD000BE66EE /* Foundation */,
			);
			path = Extension;
			sourceTree = "<group>";
		};
		463440F32852218100BE66EE /* Error */ = {
			isa = PBXGroup;
			children = (
				463440D5285200E400BE66EE /* TodayWhatError.swift */,
			);
			path = Error;
			sourceTree = "<group>";
		};
		463440F82852282E00BE66EE /* Frameworks */ = {
			isa = PBXGroup;
			children = (
				463440F92852282E00BE66EE /* SwiftUI.framework */,
			);
			name = Frameworks;
			sourceTree = "<group>";
		};
		463440FB28522AD000BE66EE /* Foundation */ = {
			isa = PBXGroup;
			children = (
				463440FC28522ADC00BE66EE /* Date+Ext.swift */,
			);
			path = Foundation;
			sourceTree = "<group>";
		};
		463440FE2852355E00BE66EE /* UIkit */ = {
			isa = PBXGroup;
			children = (
				463440FF2852356E00BE66EE /* NSMutableAttributedString+Ext.swift */,
			);
			path = UIkit;
			sourceTree = "<group>";
		};
		4634410E2855986B00BE66EE /* View */ = {
			isa = PBXGroup;
			children = (
				4634410F2855987600BE66EE /* NumberTextField.swift */,
			);
			path = View;
			sourceTree = "<group>";
		};
/* End PBXGroup section */

/* Begin PBXNativeTarget section */
		463440B22851A9B600BE66EE /* TodayWhat */ = {
			isa = PBXNativeTarget;
			buildConfigurationList = 463440C22851A9B800BE66EE /* Build configuration list for PBXNativeTarget "TodayWhat" */;
			buildPhases = (
				463440AF2851A9B600BE66EE /* Sources */,
				463440B02851A9B600BE66EE /* Frameworks */,
				463440B12851A9B600BE66EE /* Resources */,
			);
			buildRules = (
			);
			dependencies = (
			);
			name = TodayWhat;
			packageProductDependencies = (
				4634410228524ED400BE66EE /* SwiftyJSON */,
				4634410C28557F7700BE66EE /* LaunchAtLogin */,
				463441212858562700BE66EE /* Then */,
			);
			productName = TodayWhat;
			productReference = 463440B32851A9B600BE66EE /* TodayWhat.app */;
			productType = "com.apple.product-type.application";
		};
/* End PBXNativeTarget section */

/* Begin PBXProject section */
		463440AB2851A9B600BE66EE /* Project object */ = {
			isa = PBXProject;
			attributes = {
				BuildIndependentTargetsInParallel = 1;
				LastSwiftUpdateCheck = 1340;
				LastUpgradeCheck = 1340;
				TargetAttributes = {
					463440B22851A9B600BE66EE = {
						CreatedOnToolsVersion = 13.4;
					};
				};
			};
			buildConfigurationList = 463440AE2851A9B600BE66EE /* Build configuration list for PBXProject "TodayWhat" */;
			compatibilityVersion = "Xcode 13.0";
			developmentRegion = en;
			hasScannedForEncodings = 0;
			knownRegions = (
				en,
				Base,
			);
			mainGroup = 463440AA2851A9B600BE66EE;
			packageReferences = (
				4634410128524ED300BE66EE /* XCRemoteSwiftPackageReference "SwiftyJSON" */,
				4634410B28557F7700BE66EE /* XCRemoteSwiftPackageReference "LaunchAtLogin" */,
				463441202858562700BE66EE /* XCRemoteSwiftPackageReference "Then" */,
			);
			productRefGroup = 463440B42851A9B600BE66EE /* Products */;
			projectDirPath = "";
			projectRoot = "";
			targets = (
				463440B22851A9B600BE66EE /* TodayWhat */,
			);
		};
/* End PBXProject section */

/* Begin PBXResourcesBuildPhase section */
		463440B12851A9B600BE66EE /* Resources */ = {
			isa = PBXResourcesBuildPhase;
			buildActionMask = 2147483647;
			files = (
				463440BB2851A9B800BE66EE /* Assets.xcassets in Resources */,
				463440BE2851A9B800BE66EE /* Main.storyboard in Resources */,
			);
			runOnlyForDeploymentPostprocessing = 0;
		};
/* End PBXResourcesBuildPhase section */

/* Begin PBXSourcesBuildPhase section */
		463440AF2851A9B600BE66EE /* Sources */ = {
			isa = PBXSourcesBuildPhase;
			buildActionMask = 2147483647;
			files = (
				46344105285482F200BE66EE /* School.swift in Sources */,
				463441142855CDC100BE66EE /* TimeTable.swift in Sources */,
				463440D42852006600BE66EE /* Meal.swift in Sources */,
				463441102855987600BE66EE /* NumberTextField.swift in Sources */,
				463441162855CE7D00BE66EE /* TimeTableResponseDTO.swift in Sources */,
				463440F72852274700BE66EE /* SchoolType.swift in Sources */,
				463441002852356E00BE66EE /* NSMutableAttributedString+Ext.swift in Sources */,
				463440B72851A9B600BE66EE /* AppDelegate.swift in Sources */,
				463440F52852268600BE66EE /* UserDefaultsLocal.swift in Sources */,
				463440D12851FB8D00BE66EE /* MealResponseDTO.swift in Sources */,
				463441192857643B00BE66EE /* MealType.swift in Sources */,
				46344107285483E000BE66EE /* SchoolListResponseDTO.swift in Sources */,
				463441122855B93700BE66EE /* SchoolKind.swift in Sources */,
				463440CA2851E58A00BE66EE /* DisplayInfoPart.swift in Sources */,
				463440FD28522ADC00BE66EE /* Date+Ext.swift in Sources */,
				463440D9285207F600BE66EE /* Consts.swift in Sources */,
				463440D6285200E400BE66EE /* TodayWhatError.swift in Sources */,
				463440CD2851E72B00BE66EE /* NetworkProvider.swift in Sources */,
			);
			runOnlyForDeploymentPostprocessing = 0;
		};
/* End PBXSourcesBuildPhase section */

/* Begin PBXVariantGroup section */
		463440BC2851A9B800BE66EE /* Main.storyboard */ = {
			isa = PBXVariantGroup;
			children = (
				463440BD2851A9B800BE66EE /* Base */,
			);
			name = Main.storyboard;
			sourceTree = "<group>";
		};
/* End PBXVariantGroup section */

/* Begin XCBuildConfiguration section */
		463440C02851A9B800BE66EE /* Debug */ = {
			isa = XCBuildConfiguration;
			buildSettings = {
				ALWAYS_SEARCH_USER_PATHS = NO;
				CLANG_ANALYZER_NONNULL = YES;
				CLANG_ANALYZER_NUMBER_OBJECT_CONVERSION = YES_AGGRESSIVE;
				CLANG_CXX_LANGUAGE_STANDARD = "gnu++17";
				CLANG_ENABLE_MODULES = YES;
				CLANG_ENABLE_OBJC_ARC = YES;
				CLANG_ENABLE_OBJC_WEAK = YES;
				CLANG_WARN_BLOCK_CAPTURE_AUTORELEASING = YES;
				CLANG_WARN_BOOL_CONVERSION = YES;
				CLANG_WARN_COMMA = YES;
				CLANG_WARN_CONSTANT_CONVERSION = YES;
				CLANG_WARN_DEPRECATED_OBJC_IMPLEMENTATIONS = YES;
				CLANG_WARN_DIRECT_OBJC_ISA_USAGE = YES_ERROR;
				CLANG_WARN_DOCUMENTATION_COMMENTS = YES;
				CLANG_WARN_EMPTY_BODY = YES;
				CLANG_WARN_ENUM_CONVERSION = YES;
				CLANG_WARN_INFINITE_RECURSION = YES;
				CLANG_WARN_INT_CONVERSION = YES;
				CLANG_WARN_NON_LITERAL_NULL_CONVERSION = YES;
				CLANG_WARN_OBJC_IMPLICIT_RETAIN_SELF = YES;
				CLANG_WARN_OBJC_LITERAL_CONVERSION = YES;
				CLANG_WARN_OBJC_ROOT_CLASS = YES_ERROR;
				CLANG_WARN_QUOTED_INCLUDE_IN_FRAMEWORK_HEADER = YES;
				CLANG_WARN_RANGE_LOOP_ANALYSIS = YES;
				CLANG_WARN_STRICT_PROTOTYPES = YES;
				CLANG_WARN_SUSPICIOUS_MOVE = YES;
				CLANG_WARN_UNGUARDED_AVAILABILITY = YES_AGGRESSIVE;
				CLANG_WARN_UNREACHABLE_CODE = YES;
				CLANG_WARN__DUPLICATE_METHOD_MATCH = YES;
				COPY_PHASE_STRIP = NO;
				DEBUG_INFORMATION_FORMAT = dwarf;
				ENABLE_STRICT_OBJC_MSGSEND = YES;
				ENABLE_TESTABILITY = YES;
				GCC_C_LANGUAGE_STANDARD = gnu11;
				GCC_DYNAMIC_NO_PIC = NO;
				GCC_NO_COMMON_BLOCKS = YES;
				GCC_OPTIMIZATION_LEVEL = 0;
				GCC_PREPROCESSOR_DEFINITIONS = (
					"DEBUG=1",
					"$(inherited)",
				);
				GCC_WARN_64_TO_32_BIT_CONVERSION = YES;
				GCC_WARN_ABOUT_RETURN_TYPE = YES_ERROR;
				GCC_WARN_UNDECLARED_SELECTOR = YES;
				GCC_WARN_UNINITIALIZED_AUTOS = YES_AGGRESSIVE;
				GCC_WARN_UNUSED_FUNCTION = YES;
				GCC_WARN_UNUSED_VARIABLE = YES;
				MACOSX_DEPLOYMENT_TARGET = 10.15;
				MTL_ENABLE_DEBUG_INFO = INCLUDE_SOURCE;
				MTL_FAST_MATH = YES;
				ONLY_ACTIVE_ARCH = YES;
				SDKROOT = macosx;
				SWIFT_ACTIVE_COMPILATION_CONDITIONS = DEBUG;
				SWIFT_OPTIMIZATION_LEVEL = "-Onone";
			};
			name = Debug;
		};
		463440C12851A9B800BE66EE /* Release */ = {
			isa = XCBuildConfiguration;
			buildSettings = {
				ALWAYS_SEARCH_USER_PATHS = NO;
				CLANG_ANALYZER_NONNULL = YES;
				CLANG_ANALYZER_NUMBER_OBJECT_CONVERSION = YES_AGGRESSIVE;
				CLANG_CXX_LANGUAGE_STANDARD = "gnu++17";
				CLANG_ENABLE_MODULES = YES;
				CLANG_ENABLE_OBJC_ARC = YES;
				CLANG_ENABLE_OBJC_WEAK = YES;
				CLANG_WARN_BLOCK_CAPTURE_AUTORELEASING = YES;
				CLANG_WARN_BOOL_CONVERSION = YES;
				CLANG_WARN_COMMA = YES;
				CLANG_WARN_CONSTANT_CONVERSION = YES;
				CLANG_WARN_DEPRECATED_OBJC_IMPLEMENTATIONS = YES;
				CLANG_WARN_DIRECT_OBJC_ISA_USAGE = YES_ERROR;
				CLANG_WARN_DOCUMENTATION_COMMENTS = YES;
				CLANG_WARN_EMPTY_BODY = YES;
				CLANG_WARN_ENUM_CONVERSION = YES;
				CLANG_WARN_INFINITE_RECURSION = YES;
				CLANG_WARN_INT_CONVERSION = YES;
				CLANG_WARN_NON_LITERAL_NULL_CONVERSION = YES;
				CLANG_WARN_OBJC_IMPLICIT_RETAIN_SELF = YES;
				CLANG_WARN_OBJC_LITERAL_CONVERSION = YES;
				CLANG_WARN_OBJC_ROOT_CLASS = YES_ERROR;
				CLANG_WARN_QUOTED_INCLUDE_IN_FRAMEWORK_HEADER = YES;
				CLANG_WARN_RANGE_LOOP_ANALYSIS = YES;
				CLANG_WARN_STRICT_PROTOTYPES = YES;
				CLANG_WARN_SUSPICIOUS_MOVE = YES;
				CLANG_WARN_UNGUARDED_AVAILABILITY = YES_AGGRESSIVE;
				CLANG_WARN_UNREACHABLE_CODE = YES;
				CLANG_WARN__DUPLICATE_METHOD_MATCH = YES;
				COPY_PHASE_STRIP = NO;
				DEBUG_INFORMATION_FORMAT = "dwarf-with-dsym";
				ENABLE_NS_ASSERTIONS = NO;
				ENABLE_STRICT_OBJC_MSGSEND = YES;
				GCC_C_LANGUAGE_STANDARD = gnu11;
				GCC_NO_COMMON_BLOCKS = YES;
				GCC_WARN_64_TO_32_BIT_CONVERSION = YES;
				GCC_WARN_ABOUT_RETURN_TYPE = YES_ERROR;
				GCC_WARN_UNDECLARED_SELECTOR = YES;
				GCC_WARN_UNINITIALIZED_AUTOS = YES_AGGRESSIVE;
				GCC_WARN_UNUSED_FUNCTION = YES;
				GCC_WARN_UNUSED_VARIABLE = YES;
				MACOSX_DEPLOYMENT_TARGET = 10.15;
				MTL_ENABLE_DEBUG_INFO = NO;
				MTL_FAST_MATH = YES;
				SDKROOT = macosx;
				SWIFT_COMPILATION_MODE = wholemodule;
				SWIFT_OPTIMIZATION_LEVEL = "-O";
			};
			name = Release;
		};
		463440C32851A9B800BE66EE /* Debug */ = {
			isa = XCBuildConfiguration;
			buildSettings = {
				ASSETCATALOG_COMPILER_APPICON_NAME = AppIcon;
				ASSETCATALOG_COMPILER_GLOBAL_ACCENT_COLOR_NAME = AccentColor;
				CODE_SIGN_ENTITLEMENTS = TodayWhat/TodayWhat.entitlements;
				CODE_SIGN_STYLE = Automatic;
				COMBINE_HIDPI_IMAGES = YES;
				CURRENT_PROJECT_VERSION = 8;
				DEVELOPMENT_TEAM = 235C2RVZ7L;
				ENABLE_HARDENED_RUNTIME = YES;
				GENERATE_INFOPLIST_FILE = YES;
				INFOPLIST_FILE = TodayWhat/Info.plist;
				INFOPLIST_KEY_LSApplicationCategoryType = "public.app-category.lifestyle";
				INFOPLIST_KEY_NSHumanReadableCopyright = "";
				INFOPLIST_KEY_NSMainStoryboardFile = Main;
				INFOPLIST_KEY_NSPrincipalClass = NSApplication;
				LD_RUNPATH_SEARCH_PATHS = (
					"$(inherited)",
					"@executable_path/../Frameworks",
				);
				MACOSX_DEPLOYMENT_TARGET = 10.15;
				MARKETING_VERSION = 1.2;
				PRODUCT_BUNDLE_IDENTIFIER = baegteun.TodayWhat;
				PRODUCT_NAME = "$(TARGET_NAME)";
				SWIFT_EMIT_LOC_STRINGS = YES;
				SWIFT_VERSION = 5.0;
			};
			name = Debug;
		};
		463440C42851A9B800BE66EE /* Release */ = {
			isa = XCBuildConfiguration;
			buildSettings = {
				ASSETCATALOG_COMPILER_APPICON_NAME = AppIcon;
				ASSETCATALOG_COMPILER_GLOBAL_ACCENT_COLOR_NAME = AccentColor;
				CODE_SIGN_ENTITLEMENTS = TodayWhat/TodayWhat.entitlements;
				CODE_SIGN_STYLE = Automatic;
				COMBINE_HIDPI_IMAGES = YES;
				CURRENT_PROJECT_VERSION = 8;
				DEVELOPMENT_TEAM = 235C2RVZ7L;
				ENABLE_HARDENED_RUNTIME = YES;
				GENERATE_INFOPLIST_FILE = YES;
				INFOPLIST_FILE = TodayWhat/Info.plist;
				INFOPLIST_KEY_LSApplicationCategoryType = "public.app-category.lifestyle";
				INFOPLIST_KEY_NSHumanReadableCopyright = "";
				INFOPLIST_KEY_NSMainStoryboardFile = Main;
				INFOPLIST_KEY_NSPrincipalClass = NSApplication;
				LD_RUNPATH_SEARCH_PATHS = (
					"$(inherited)",
					"@executable_path/../Frameworks",
				);
				MACOSX_DEPLOYMENT_TARGET = 10.15;
				MARKETING_VERSION = 1.2;
				PRODUCT_BUNDLE_IDENTIFIER = baegteun.TodayWhat;
				PRODUCT_NAME = "$(TARGET_NAME)";
				SWIFT_EMIT_LOC_STRINGS = YES;
				SWIFT_VERSION = 5.0;
			};
			name = Release;
		};
/* End XCBuildConfiguration section */

/* Begin XCConfigurationList section */
		463440AE2851A9B600BE66EE /* Build configuration list for PBXProject "TodayWhat" */ = {
			isa = XCConfigurationList;
			buildConfigurations = (
				463440C02851A9B800BE66EE /* Debug */,
				463440C12851A9B800BE66EE /* Release */,
			);
			defaultConfigurationIsVisible = 0;
			defaultConfigurationName = Release;
		};
		463440C22851A9B800BE66EE /* Build configuration list for PBXNativeTarget "TodayWhat" */ = {
			isa = XCConfigurationList;
			buildConfigurations = (
				463440C32851A9B800BE66EE /* Debug */,
				463440C42851A9B800BE66EE /* Release */,
			);
			defaultConfigurationIsVisible = 0;
			defaultConfigurationName = Release;
		};
/* End XCConfigurationList section */

/* Begin XCRemoteSwiftPackageReference section */
		4634410128524ED300BE66EE /* XCRemoteSwiftPackageReference "SwiftyJSON" */ = {
			isa = XCRemoteSwiftPackageReference;
			repositoryURL = "https://github.com/SwiftyJSON/SwiftyJSON.git";
			requirement = {
				kind = upToNextMajorVersion;
				minimumVersion = 5.0.0;
			};
		};
		4634410B28557F7700BE66EE /* XCRemoteSwiftPackageReference "LaunchAtLogin" */ = {
			isa = XCRemoteSwiftPackageReference;
			repositoryURL = "https://github.com/sindresorhus/LaunchAtLogin.git";
			requirement = {
				kind = upToNextMajorVersion;
				minimumVersion = 4.2.0;
			};
		};
		463441202858562700BE66EE /* XCRemoteSwiftPackageReference "Then" */ = {
			isa = XCRemoteSwiftPackageReference;
			repositoryURL = "https://github.com/devxoul/Then.git";
			requirement = {
				kind = upToNextMajorVersion;
				minimumVersion = 3.0.0;
			};
		};
/* End XCRemoteSwiftPackageReference section */

/* Begin XCSwiftPackageProductDependency section */
		4634410228524ED400BE66EE /* SwiftyJSON */ = {
			isa = XCSwiftPackageProductDependency;
			package = 4634410128524ED300BE66EE /* XCRemoteSwiftPackageReference "SwiftyJSON" */;
			productName = SwiftyJSON;
		};
		4634410C28557F7700BE66EE /* LaunchAtLogin */ = {
			isa = XCSwiftPackageProductDependency;
			package = 4634410B28557F7700BE66EE /* XCRemoteSwiftPackageReference "LaunchAtLogin" */;
			productName = LaunchAtLogin;
		};
		463441212858562700BE66EE /* Then */ = {
			isa = XCSwiftPackageProductDependency;
			package = 463441202858562700BE66EE /* XCRemoteSwiftPackageReference "Then" */;
			productName = Then;
		};
/* End XCSwiftPackageProductDependency section */
	};
	rootObject = 463440AB2851A9B600BE66EE /* Project object */;
}
